// !$*UTF8*$!
{
	archiveVersion = 1;
	classes = {
	};
	objectVersion = 50;
	objects = {

/* Begin PBXBuildFile section */
		87B5BCCD25ABF7D300FE6521 /* CardView.swift in Sources */ = {isa = PBXBuildFile; fileRef = 87B5BCCC25ABF7D300FE6521 /* CardView.swift */; };
		EB000FDA25B15CEF002F7ABA /* Assets.xcassets in Resources */ = {isa = PBXBuildFile; fileRef = EB000FD925B15CEF002F7ABA /* Assets.xcassets */; };
		EB3DC2CF25AA9AE000F2CF77 /* DotsData.swift in Sources */ = {isa = PBXBuildFile; fileRef = EB3DC2CE25AA9AE000F2CF77 /* DotsData.swift */; };
		EB3DC2D225AA9F6D00F2CF77 /* BillObject.swift in Sources */ = {isa = PBXBuildFile; fileRef = EB3DC2D125AA9F6D00F2CF77 /* BillObject.swift */; };
		EB3DC2D525AAA67800F2CF77 /* EntryObject.swift in Sources */ = {isa = PBXBuildFile; fileRef = EB3DC2D425AAA67800F2CF77 /* EntryObject.swift */; };
		EB3DC2D925AAB0E700F2CF77 /* MainData.swift in Sources */ = {isa = PBXBuildFile; fileRef = EB3DC2D825AAB0E700F2CF77 /* MainData.swift */; };
		EB3DC2E025AAB56800F2CF77 /* Helper.swift in Sources */ = {isa = PBXBuildFile; fileRef = EB3DC2DF25AAB56800F2CF77 /* Helper.swift */; };
		EB554BC425B8E375001EE4E7 /* BlurBackgroundView.swift in Sources */ = {isa = PBXBuildFile; fileRef = EB554BC325B8E375001EE4E7 /* BlurBackgroundView.swift */; };
		EB554BC725B8E730001EE4E7 /* AddEntryView.swift in Sources */ = {isa = PBXBuildFile; fileRef = EB554BC625B8E730001EE4E7 /* AddEntryView.swift */; };
		EB554BCA25B8F837001EE4E7 /* LinearDotSelectView.swift in Sources */ = {isa = PBXBuildFile; fileRef = EB554BC925B8F837001EE4E7 /* LinearDotSelectView.swift */; };
		EB554BD425B94C6F001EE4E7 /* Special.swift in Sources */ = {isa = PBXBuildFile; fileRef = EB554BD325B94C6F001EE4E7 /* Special.swift */; };
		EB6D988B25AFBBBD000C1D65 /* DotSelectView.swift in Sources */ = {isa = PBXBuildFile; fileRef = EB6D988A25AFBBBD000C1D65 /* DotSelectView.swift */; };
		EBB433F625A9691E0047C940 /* DotsApp.swift in Sources */ = {isa = PBXBuildFile; fileRef = EBB433F525A9691E0047C940 /* DotsApp.swift */; };
		EBB433F825A9691E0047C940 /* ContentView.swift in Sources */ = {isa = PBXBuildFile; fileRef = EBB433F725A9691E0047C940 /* ContentView.swift */; };
		EBB433FD25A969200047C940 /* Preview Assets.xcassets in Resources */ = {isa = PBXBuildFile; fileRef = EBB433FC25A969200047C940 /* Preview Assets.xcassets */; };
		EBD6AA6125AD05DF006C3AA6 /* HomeView.swift in Sources */ = {isa = PBXBuildFile; fileRef = EBD6AA6025AD05DF006C3AA6 /* HomeView.swift */; };
		EBD6AA6725AD105B006C3AA6 /* CircleView.swift in Sources */ = {isa = PBXBuildFile; fileRef = EBD6AA6625AD105B006C3AA6 /* CircleView.swift */; };
/* End PBXBuildFile section */

/* Begin PBXFileReference section */
		87B5BCCC25ABF7D300FE6521 /* CardView.swift */ = {isa = PBXFileReference; lastKnownFileType = sourcecode.swift; path = CardView.swift; sourceTree = "<group>"; };
		EB000FD925B15CEF002F7ABA /* Assets.xcassets */ = {isa = PBXFileReference; lastKnownFileType = folder.assetcatalog; path = Assets.xcassets; sourceTree = "<group>"; };
		EB3DC2CE25AA9AE000F2CF77 /* DotsData.swift */ = {isa = PBXFileReference; lastKnownFileType = sourcecode.swift; path = DotsData.swift; sourceTree = "<group>"; };
		EB3DC2D125AA9F6D00F2CF77 /* BillObject.swift */ = {isa = PBXFileReference; lastKnownFileType = sourcecode.swift; path = BillObject.swift; sourceTree = "<group>"; };
		EB3DC2D425AAA67800F2CF77 /* EntryObject.swift */ = {isa = PBXFileReference; lastKnownFileType = sourcecode.swift; path = EntryObject.swift; sourceTree = "<group>"; };
		EB3DC2D825AAB0E700F2CF77 /* MainData.swift */ = {isa = PBXFileReference; lastKnownFileType = sourcecode.swift; path = MainData.swift; sourceTree = "<group>"; };
		EB3DC2DF25AAB56800F2CF77 /* Helper.swift */ = {isa = PBXFileReference; lastKnownFileType = sourcecode.swift; path = Helper.swift; sourceTree = "<group>"; };
		EB554BC325B8E375001EE4E7 /* BlurBackgroundView.swift */ = {isa = PBXFileReference; lastKnownFileType = sourcecode.swift; path = BlurBackgroundView.swift; sourceTree = "<group>"; };
		EB554BC625B8E730001EE4E7 /* AddEntryView.swift */ = {isa = PBXFileReference; lastKnownFileType = sourcecode.swift; path = AddEntryView.swift; sourceTree = "<group>"; };
		EB554BC925B8F837001EE4E7 /* LinearDotSelectView.swift */ = {isa = PBXFileReference; lastKnownFileType = sourcecode.swift; path = LinearDotSelectView.swift; sourceTree = "<group>"; };
		EB554BD325B94C6F001EE4E7 /* Special.swift */ = {isa = PBXFileReference; lastKnownFileType = sourcecode.swift; path = Special.swift; sourceTree = "<group>"; };
		EB6D988A25AFBBBD000C1D65 /* DotSelectView.swift */ = {isa = PBXFileReference; lastKnownFileType = sourcecode.swift; path = DotSelectView.swift; sourceTree = "<group>"; };
		EBB433F225A9691E0047C940 /* Dots.app */ = {isa = PBXFileReference; explicitFileType = wrapper.application; includeInIndex = 0; path = Dots.app; sourceTree = BUILT_PRODUCTS_DIR; };
		EBB433F525A9691E0047C940 /* DotsApp.swift */ = {isa = PBXFileReference; lastKnownFileType = sourcecode.swift; path = DotsApp.swift; sourceTree = "<group>"; };
		EBB433F725A9691E0047C940 /* ContentView.swift */ = {isa = PBXFileReference; lastKnownFileType = sourcecode.swift; path = ContentView.swift; sourceTree = "<group>"; };
		EBB433FC25A969200047C940 /* Preview Assets.xcassets */ = {isa = PBXFileReference; lastKnownFileType = folder.assetcatalog; path = "Preview Assets.xcassets"; sourceTree = "<group>"; };
		EBB433FE25A969200047C940 /* Info.plist */ = {isa = PBXFileReference; lastKnownFileType = text.plist.xml; path = Info.plist; sourceTree = "<group>"; };
		EBD6AA6025AD05DF006C3AA6 /* HomeView.swift */ = {isa = PBXFileReference; lastKnownFileType = sourcecode.swift; path = HomeView.swift; sourceTree = "<group>"; };
		EBD6AA6625AD105B006C3AA6 /* CircleView.swift */ = {isa = PBXFileReference; lastKnownFileType = sourcecode.swift; path = CircleView.swift; sourceTree = "<group>"; };
/* End PBXFileReference section */

/* Begin PBXFrameworksBuildPhase section */
		EBB433EF25A9691E0047C940 /* Frameworks */ = {
			isa = PBXFrameworksBuildPhase;
			buildActionMask = 2147483647;
			files = (
			);
			runOnlyForDeploymentPostprocessing = 0;
		};
/* End PBXFrameworksBuildPhase section */

/* Begin PBXGroup section */
		EB3DC2C925AA923B00F2CF77 /* Models */ = {
			isa = PBXGroup;
			children = (
				EB3DC2CE25AA9AE000F2CF77 /* DotsData.swift */,
				EB3DC2D125AA9F6D00F2CF77 /* BillObject.swift */,
				EB3DC2D425AAA67800F2CF77 /* EntryObject.swift */,
				EB3DC2DF25AAB56800F2CF77 /* Helper.swift */,
			);
			path = Models;
			sourceTree = "<group>";
		};
		EB554BC025B8DE23001EE4E7 /* ViewModel */ = {
			isa = PBXGroup;
			children = (
				EB3DC2D825AAB0E700F2CF77 /* MainData.swift */,
			);
			path = ViewModel;
			sourceTree = "<group>";
		};
		EB554BC125B8DE37001EE4E7 /* Views */ = {
			isa = PBXGroup;
			children = (
				EBB433F725A9691E0047C940 /* ContentView.swift */,
				87B5BCCC25ABF7D300FE6521 /* CardView.swift */,
				EB554BC325B8E375001EE4E7 /* BlurBackgroundView.swift */,
				EBD6AA6625AD105B006C3AA6 /* CircleView.swift */,
				EB6D988A25AFBBBD000C1D65 /* DotSelectView.swift */,
				EBD6AA6025AD05DF006C3AA6 /* HomeView.swift */,
				EB554BC625B8E730001EE4E7 /* AddEntryView.swift */,
				EB554BC925B8F837001EE4E7 /* LinearDotSelectView.swift */,
				EB554BD325B94C6F001EE4E7 /* Special.swift */,
			);
			path = Views;
			sourceTree = "<group>";
		};
		EBB433E925A9691E0047C940 = {
			isa = PBXGroup;
			children = (
				EBB433F425A9691E0047C940 /* Dots */,
				EBB433F325A9691E0047C940 /* Products */,
				EBD6AA5E25AD04FC006C3AA6 /* Recovered References */,
			);
			sourceTree = "<group>";
		};
		EBB433F325A9691E0047C940 /* Products */ = {
			isa = PBXGroup;
			children = (
				EBB433F225A9691E0047C940 /* Dots.app */,
			);
			name = Products;
			sourceTree = "<group>";
		};
		EBB433F425A9691E0047C940 /* Dots */ = {
			isa = PBXGroup;
			children = (
				EB554BC025B8DE23001EE4E7 /* ViewModel */,
				EB3DC2C925AA923B00F2CF77 /* Models */,
				EBB433F525A9691E0047C940 /* DotsApp.swift */,
				EB554BC125B8DE37001EE4E7 /* Views */,
				EB000FD925B15CEF002F7ABA /* Assets.xcassets */,
				EBB433FE25A969200047C940 /* Info.plist */,
				EBB433FB25A969200047C940 /* Preview Content */,
			);
			path = Dots;
			sourceTree = "<group>";
		};
		EBB433FB25A969200047C940 /* Preview Content */ = {
			isa = PBXGroup;
			children = (
				EBB433FC25A969200047C940 /* Preview Assets.xcassets */,
			);
			path = "Preview Content";
			sourceTree = "<group>";
		};
		EBD6AA5E25AD04FC006C3AA6 /* Recovered References */ = {
			isa = PBXGroup;
			children = (
			);
			name = "Recovered References";
			sourceTree = "<group>";
		};
/* End PBXGroup section */

/* Begin PBXNativeTarget section */
		EBB433F125A9691E0047C940 /* Dots */ = {
			isa = PBXNativeTarget;
			buildConfigurationList = EBB4340125A969200047C940 /* Build configuration list for PBXNativeTarget "Dots" */;
			buildPhases = (
				EBB433EE25A9691E0047C940 /* Sources */,
				EBB433EF25A9691E0047C940 /* Frameworks */,
				EBB433F025A9691E0047C940 /* Resources */,
			);
			buildRules = (
			);
			dependencies = (
			);
			name = Dots;
			productName = Dots;
			productReference = EBB433F225A9691E0047C940 /* Dots.app */;
			productType = "com.apple.product-type.application";
		};
/* End PBXNativeTarget section */

/* Begin PBXProject section */
		EBB433EA25A9691E0047C940 /* Project object */ = {
			isa = PBXProject;
			attributes = {
				LastSwiftUpdateCheck = 1230;
				LastUpgradeCheck = 1230;
				TargetAttributes = {
					EBB433F125A9691E0047C940 = {
						CreatedOnToolsVersion = 12.3;
					};
				};
			};
			buildConfigurationList = EBB433ED25A9691E0047C940 /* Build configuration list for PBXProject "Dots" */;
			compatibilityVersion = "Xcode 9.3";
			developmentRegion = en;
			hasScannedForEncodings = 0;
			knownRegions = (
				en,
				Base,
			);
			mainGroup = EBB433E925A9691E0047C940;
			productRefGroup = EBB433F325A9691E0047C940 /* Products */;
			projectDirPath = "";
			projectRoot = "";
			targets = (
				EBB433F125A9691E0047C940 /* Dots */,
			);
		};
/* End PBXProject section */

/* Begin PBXResourcesBuildPhase section */
		EBB433F025A9691E0047C940 /* Resources */ = {
			isa = PBXResourcesBuildPhase;
			buildActionMask = 2147483647;
			files = (
				EB000FDA25B15CEF002F7ABA /* Assets.xcassets in Resources */,
				EBB433FD25A969200047C940 /* Preview Assets.xcassets in Resources */,
			);
			runOnlyForDeploymentPostprocessing = 0;
		};
/* End PBXResourcesBuildPhase section */

/* Begin PBXSourcesBuildPhase section */
		EBB433EE25A9691E0047C940 /* Sources */ = {
			isa = PBXSourcesBuildPhase;
			buildActionMask = 2147483647;
			files = (
				EB554BD425B94C6F001EE4E7 /* Special.swift in Sources */,
				EB3DC2D925AAB0E700F2CF77 /* MainData.swift in Sources */,
				EB3DC2D525AAA67800F2CF77 /* EntryObject.swift in Sources */,
				EBB433F825A9691E0047C940 /* ContentView.swift in Sources */,
				EBD6AA6125AD05DF006C3AA6 /* HomeView.swift in Sources */,
				87B5BCCD25ABF7D300FE6521 /* CardView.swift in Sources */,
				EBD6AA6725AD105B006C3AA6 /* CircleView.swift in Sources */,
				EB3DC2CF25AA9AE000F2CF77 /* DotsData.swift in Sources */,
				EB554BCA25B8F837001EE4E7 /* LinearDotSelectView.swift in Sources */,
				EB554BC425B8E375001EE4E7 /* BlurBackgroundView.swift in Sources */,
				EBB433F625A9691E0047C940 /* DotsApp.swift in Sources */,
				EB3DC2D225AA9F6D00F2CF77 /* BillObject.swift in Sources */,
				EB6D988B25AFBBBD000C1D65 /* DotSelectView.swift in Sources */,
				EB3DC2E025AAB56800F2CF77 /* Helper.swift in Sources */,
				EB554BC725B8E730001EE4E7 /* AddEntryView.swift in Sources */,
			);
			runOnlyForDeploymentPostprocessing = 0;
		};
/* End PBXSourcesBuildPhase section */

/* Begin XCBuildConfiguration section */
		EBB433FF25A969200047C940 /* Debug */ = {
			isa = XCBuildConfiguration;
			buildSettings = {
				ALWAYS_SEARCH_USER_PATHS = NO;
				CLANG_ANALYZER_NONNULL = YES;
				CLANG_ANALYZER_NUMBER_OBJECT_CONVERSION = YES_AGGRESSIVE;
				CLANG_CXX_LANGUAGE_STANDARD = "gnu++14";
				CLANG_CXX_LIBRARY = "libc++";
				CLANG_ENABLE_MODULES = YES;
				CLANG_ENABLE_OBJC_ARC = YES;
				CLANG_ENABLE_OBJC_WEAK = YES;
				CLANG_WARN_BLOCK_CAPTURE_AUTORELEASING = YES;
				CLANG_WARN_BOOL_CONVERSION = YES;
				CLANG_WARN_COMMA = YES;
				CLANG_WARN_CONSTANT_CONVERSION = YES;
				CLANG_WARN_DEPRECATED_OBJC_IMPLEMENTATIONS = YES;
				CLANG_WARN_DIRECT_OBJC_ISA_USAGE = YES_ERROR;
				CLANG_WARN_DOCUMENTATION_COMMENTS = YES;
				CLANG_WARN_EMPTY_BODY = YES;
				CLANG_WARN_ENUM_CONVERSION = YES;
				CLANG_WARN_INFINITE_RECURSION = YES;
				CLANG_WARN_INT_CONVERSION = YES;
				CLANG_WARN_NON_LITERAL_NULL_CONVERSION = YES;
				CLANG_WARN_OBJC_IMPLICIT_RETAIN_SELF = YES;
				CLANG_WARN_OBJC_LITERAL_CONVERSION = YES;
				CLANG_WARN_OBJC_ROOT_CLASS = YES_ERROR;
				CLANG_WARN_QUOTED_INCLUDE_IN_FRAMEWORK_HEADER = YES;
				CLANG_WARN_RANGE_LOOP_ANALYSIS = YES;
				CLANG_WARN_STRICT_PROTOTYPES = YES;
				CLANG_WARN_SUSPICIOUS_MOVE = YES;
				CLANG_WARN_UNGUARDED_AVAILABILITY = YES_AGGRESSIVE;
				CLANG_WARN_UNREACHABLE_CODE = YES;
				CLANG_WARN__DUPLICATE_METHOD_MATCH = YES;
				COPY_PHASE_STRIP = NO;
				DEBUG_INFORMATION_FORMAT = dwarf;
				ENABLE_STRICT_OBJC_MSGSEND = YES;
				ENABLE_TESTABILITY = YES;
				GCC_C_LANGUAGE_STANDARD = gnu11;
				GCC_DYNAMIC_NO_PIC = NO;
				GCC_NO_COMMON_BLOCKS = YES;
				GCC_OPTIMIZATION_LEVEL = 0;
				GCC_PREPROCESSOR_DEFINITIONS = (
					"DEBUG=1",
					"$(inherited)",
				);
				GCC_WARN_64_TO_32_BIT_CONVERSION = YES;
				GCC_WARN_ABOUT_RETURN_TYPE = YES_ERROR;
				GCC_WARN_UNDECLARED_SELECTOR = YES;
				GCC_WARN_UNINITIALIZED_AUTOS = YES_AGGRESSIVE;
				GCC_WARN_UNUSED_FUNCTION = YES;
				GCC_WARN_UNUSED_VARIABLE = YES;
				IPHONEOS_DEPLOYMENT_TARGET = 14.3;
				MTL_ENABLE_DEBUG_INFO = INCLUDE_SOURCE;
				MTL_FAST_MATH = YES;
				ONLY_ACTIVE_ARCH = YES;
				SDKROOT = iphoneos;
				SWIFT_ACTIVE_COMPILATION_CONDITIONS = DEBUG;
				SWIFT_OPTIMIZATION_LEVEL = "-Onone";
			};
			name = Debug;
		};
		EBB4340025A969200047C940 /* Release */ = {
			isa = XCBuildConfiguration;
			buildSettings = {
				ALWAYS_SEARCH_USER_PATHS = NO;
				CLANG_ANALYZER_NONNULL = YES;
				CLANG_ANALYZER_NUMBER_OBJECT_CONVERSION = YES_AGGRESSIVE;
				CLANG_CXX_LANGUAGE_STANDARD = "gnu++14";
				CLANG_CXX_LIBRARY = "libc++";
				CLANG_ENABLE_MODULES = YES;
				CLANG_ENABLE_OBJC_ARC = YES;
				CLANG_ENABLE_OBJC_WEAK = YES;
				CLANG_WARN_BLOCK_CAPTURE_AUTORELEASING = YES;
				CLANG_WARN_BOOL_CONVERSION = YES;
				CLANG_WARN_COMMA = YES;
				CLANG_WARN_CONSTANT_CONVERSION = YES;
				CLANG_WARN_DEPRECATED_OBJC_IMPLEMENTATIONS = YES;
				CLANG_WARN_DIRECT_OBJC_ISA_USAGE = YES_ERROR;
				CLANG_WARN_DOCUMENTATION_COMMENTS = YES;
				CLANG_WARN_EMPTY_BODY = YES;
				CLANG_WARN_ENUM_CONVERSION = YES;
				CLANG_WARN_INFINITE_RECURSION = YES;
				CLANG_WARN_INT_CONVERSION = YES;
				CLANG_WARN_NON_LITERAL_NULL_CONVERSION = YES;
				CLANG_WARN_OBJC_IMPLICIT_RETAIN_SELF = YES;
				CLANG_WARN_OBJC_LITERAL_CONVERSION = YES;
				CLANG_WARN_OBJC_ROOT_CLASS = YES_ERROR;
				CLANG_WARN_QUOTED_INCLUDE_IN_FRAMEWORK_HEADER = YES;
				CLANG_WARN_RANGE_LOOP_ANALYSIS = YES;
				CLANG_WARN_STRICT_PROTOTYPES = YES;
				CLANG_WARN_SUSPICIOUS_MOVE = YES;
				CLANG_WARN_UNGUARDED_AVAILABILITY = YES_AGGRESSIVE;
				CLANG_WARN_UNREACHABLE_CODE = YES;
				CLANG_WARN__DUPLICATE_METHOD_MATCH = YES;
				COPY_PHASE_STRIP = NO;
				DEBUG_INFORMATION_FORMAT = "dwarf-with-dsym";
				ENABLE_NS_ASSERTIONS = NO;
				ENABLE_STRICT_OBJC_MSGSEND = YES;
				GCC_C_LANGUAGE_STANDARD = gnu11;
				GCC_NO_COMMON_BLOCKS = YES;
				GCC_WARN_64_TO_32_BIT_CONVERSION = YES;
				GCC_WARN_ABOUT_RETURN_TYPE = YES_ERROR;
				GCC_WARN_UNDECLARED_SELECTOR = YES;
				GCC_WARN_UNINITIALIZED_AUTOS = YES_AGGRESSIVE;
				GCC_WARN_UNUSED_FUNCTION = YES;
				GCC_WARN_UNUSED_VARIABLE = YES;
				IPHONEOS_DEPLOYMENT_TARGET = 14.3;
				MTL_ENABLE_DEBUG_INFO = NO;
				MTL_FAST_MATH = YES;
				SDKROOT = iphoneos;
				SWIFT_COMPILATION_MODE = wholemodule;
				SWIFT_OPTIMIZATION_LEVEL = "-O";
				VALIDATE_PRODUCT = YES;
			};
			name = Release;
		};
		EBB4340225A969200047C940 /* Debug */ = {
			isa = XCBuildConfiguration;
			buildSettings = {
				ASSETCATALOG_COMPILER_APPICON_NAME = AppIcon;
				ASSETCATALOG_COMPILER_GLOBAL_ACCENT_COLOR_NAME = AccentColor;
				CODE_SIGN_STYLE = Automatic;
				DEVELOPMENT_ASSET_PATHS = "\"Dots/Preview Content\"";
				DEVELOPMENT_TEAM = SH9D54TH3N;
				ENABLE_PREVIEWS = YES;
				INFOPLIST_FILE = Dots/Info.plist;
				IPHONEOS_DEPLOYMENT_TARGET = 14.0;
				LD_RUNPATH_SEARCH_PATHS = (
					"$(inherited)",
					"@executable_path/Frameworks",
				);
				PRODUCT_BUNDLE_IDENTIFIER = "cs130-team8.Dots";
				PRODUCT_NAME = "$(TARGET_NAME)";
				SWIFT_VERSION = 5.0;
				TARGETED_DEVICE_FAMILY = "1,2";
			};
			name = Debug;
		};
		EBB4340325A969200047C940 /* Release */ = {
			isa = XCBuildConfiguration;
			buildSettings = {
				ASSETCATALOG_COMPILER_APPICON_NAME = AppIcon;
				ASSETCATALOG_COMPILER_GLOBAL_ACCENT_COLOR_NAME = AccentColor;
				CODE_SIGN_STYLE = Automatic;
				DEVELOPMENT_ASSET_PATHS = "\"Dots/Preview Content\"";
				DEVELOPMENT_TEAM = SH9D54TH3N;
				ENABLE_PREVIEWS = YES;
				INFOPLIST_FILE = Dots/Info.plist;
				IPHONEOS_DEPLOYMENT_TARGET = 14.0;
				LD_RUNPATH_SEARCH_PATHS = (
					"$(inherited)",
					"@executable_path/Frameworks",
				);
				PRODUCT_BUNDLE_IDENTIFIER = "cs130-team8.Dots";
				PRODUCT_NAME = "$(TARGET_NAME)";
				SWIFT_VERSION = 5.0;
				TARGETED_DEVICE_FAMILY = "1,2";
			};
			name = Release;
		};
/* End XCBuildConfiguration section */

/* Begin XCConfigurationList section */
		EBB433ED25A9691E0047C940 /* Build configuration list for PBXProject "Dots" */ = {
			isa = XCConfigurationList;
			buildConfigurations = (
				EBB433FF25A969200047C940 /* Debug */,
				EBB4340025A969200047C940 /* Release */,
			);
			defaultConfigurationIsVisible = 0;
			defaultConfigurationName = Release;
		};
		EBB4340125A969200047C940 /* Build configuration list for PBXNativeTarget "Dots" */ = {
			isa = XCConfigurationList;
			buildConfigurations = (
				EBB4340225A969200047C940 /* Debug */,
				EBB4340325A969200047C940 /* Release */,
			);
			defaultConfigurationIsVisible = 0;
			defaultConfigurationName = Release;
		};
/* End XCConfigurationList section */
	};
	rootObject = EBB433EA25A9691E0047C940 /* Project object */;
}
